// !$*UTF8*$!
{
	archiveVersion = 1;
	classes = {
	};
	objectVersion = 55;
	objects = {

/* Begin PBXBuildFile section */
		6DA1815B2760D6C700FF3EC0 /* DublerCafeApp.swift in Sources */ = {isa = PBXBuildFile; fileRef = 6DA1815A2760D6C700FF3EC0 /* DublerCafeApp.swift */; };
		6DA1815D2760D6C700FF3EC0 /* ContentView.swift in Sources */ = {isa = PBXBuildFile; fileRef = 6DA1815C2760D6C700FF3EC0 /* ContentView.swift */; };
		6DA1815F2760D6C900FF3EC0 /* Assets.xcassets in Resources */ = {isa = PBXBuildFile; fileRef = 6DA1815E2760D6C900FF3EC0 /* Assets.xcassets */; };
		6DA181622760D6C900FF3EC0 /* Preview Assets.xcassets in Resources */ = {isa = PBXBuildFile; fileRef = 6DA181612760D6C900FF3EC0 /* Preview Assets.xcassets */; };
		6DA181642760D6C900FF3EC0 /* Persistence.swift in Sources */ = {isa = PBXBuildFile; fileRef = 6DA181632760D6C900FF3EC0 /* Persistence.swift */; };
		6DA181672760D6C900FF3EC0 /* DublerCafe.xcdatamodeld in Sources */ = {isa = PBXBuildFile; fileRef = 6DA181652760D6C900FF3EC0 /* DublerCafe.xcdatamodeld */; };
		6DA1816E2760D6F400FF3EC0 /* Helper.swift in Sources */ = {isa = PBXBuildFile; fileRef = 6DA1816D2760D6F300FF3EC0 /* Helper.swift */; };
		6DA181722760D73100FF3EC0 /* Menu.swift in Sources */ = {isa = PBXBuildFile; fileRef = 6DA1816F2760D73000FF3EC0 /* Menu.swift */; };
		6DA181732760D73100FF3EC0 /* menu.json in Resources */ = {isa = PBXBuildFile; fileRef = 6DA181702760D73000FF3EC0 /* menu.json */; };
		6DA181742760D73100FF3EC0 /* Order.swift in Sources */ = {isa = PBXBuildFile; fileRef = 6DA181712760D73100FF3EC0 /* Order.swift */; };
		6DAAF80527668AA4003522D8 /* ItemRow.swift in Sources */ = {isa = PBXBuildFile; fileRef = 6DAAF80427668AA4003522D8 /* ItemRow.swift */; };
		6DAAF80927669451003522D8 /* ItemDetail.swift in Sources */ = {isa = PBXBuildFile; fileRef = 6DAAF80827669451003522D8 /* ItemDetail.swift */; };
		6DAAF80D276A1D6C003522D8 /* OrderView.swift in Sources */ = {isa = PBXBuildFile; fileRef = 6DAAF80C276A1D6C003522D8 /* OrderView.swift */; };
		6DAAF80F276A1E65003522D8 /* MainView.swift in Sources */ = {isa = PBXBuildFile; fileRef = 6DAAF80E276A1E65003522D8 /* MainView.swift */; };
		6DAAF811276A1FC9003522D8 /* CheckoutView.swift in Sources */ = {isa = PBXBuildFile; fileRef = 6DAAF810276A1FC9003522D8 /* CheckoutView.swift */; };
		6DD1DEFD278EF44D00AB2161 /* ChatView.swift in Sources */ = {isa = PBXBuildFile; fileRef = 6DD1DEFC278EF44D00AB2161 /* ChatView.swift */; };
		6DD1DEFF278EF46B00AB2161 /* ChatModel.swift in Sources */ = {isa = PBXBuildFile; fileRef = 6DD1DEFE278EF46B00AB2161 /* ChatModel.swift */; };
		6DD1DF01278EF4ED00AB2161 /* ChatBubble.swift in Sources */ = {isa = PBXBuildFile; fileRef = 6DD1DF00278EF4ED00AB2161 /* ChatBubble.swift */; };
		6DD1DF03278EF69300AB2161 /* ScrollView.swift in Sources */ = {isa = PBXBuildFile; fileRef = 6DD1DF02278EF69300AB2161 /* ScrollView.swift */; };
		6DD1DF05278F097300AB2161 /* NavigationBarConfigurator.swift in Sources */ = {isa = PBXBuildFile; fileRef = 6DD1DF04278F097300AB2161 /* NavigationBarConfigurator.swift */; };
		6DD2A6EA2774E93300D4E3BA /* Popup.swift in Sources */ = {isa = PBXBuildFile; fileRef = 6DD2A6E92774E93300D4E3BA /* Popup.swift */; };
		6DD2A6EC27750F4F00D4E3BA /* Popup+Extension.swift in Sources */ = {isa = PBXBuildFile; fileRef = 6DD2A6EB27750F4F00D4E3BA /* Popup+Extension.swift */; };
/* End PBXBuildFile section */

/* Begin PBXFileReference section */
		6DA181572760D6C700FF3EC0 /* DublerCafe.app */ = {isa = PBXFileReference; explicitFileType = wrapper.application; includeInIndex = 0; path = DublerCafe.app; sourceTree = BUILT_PRODUCTS_DIR; };
		6DA1815A2760D6C700FF3EC0 /* DublerCafeApp.swift */ = {isa = PBXFileReference; lastKnownFileType = sourcecode.swift; path = DublerCafeApp.swift; sourceTree = "<group>"; };
		6DA1815C2760D6C700FF3EC0 /* ContentView.swift */ = {isa = PBXFileReference; lastKnownFileType = sourcecode.swift; path = ContentView.swift; sourceTree = "<group>"; };
		6DA1815E2760D6C900FF3EC0 /* Assets.xcassets */ = {isa = PBXFileReference; lastKnownFileType = folder.assetcatalog; path = Assets.xcassets; sourceTree = "<group>"; };
		6DA181612760D6C900FF3EC0 /* Preview Assets.xcassets */ = {isa = PBXFileReference; lastKnownFileType = folder.assetcatalog; path = "Preview Assets.xcassets"; sourceTree = "<group>"; };
		6DA181632760D6C900FF3EC0 /* Persistence.swift */ = {isa = PBXFileReference; lastKnownFileType = sourcecode.swift; path = Persistence.swift; sourceTree = "<group>"; };
		6DA181662760D6C900FF3EC0 /* Rule2_0.xcdatamodel */ = {isa = PBXFileReference; lastKnownFileType = wrapper.xcdatamodel; path = Rule2_0.xcdatamodel; sourceTree = "<group>"; };
		6DA1816D2760D6F300FF3EC0 /* Helper.swift */ = {isa = PBXFileReference; fileEncoding = 4; lastKnownFileType = sourcecode.swift; path = Helper.swift; sourceTree = "<group>"; };
		6DA1816F2760D73000FF3EC0 /* Menu.swift */ = {isa = PBXFileReference; fileEncoding = 4; lastKnownFileType = sourcecode.swift; path = Menu.swift; sourceTree = "<group>"; };
		6DA181702760D73000FF3EC0 /* menu.json */ = {isa = PBXFileReference; fileEncoding = 4; lastKnownFileType = text.json; path = menu.json; sourceTree = "<group>"; };
		6DA181712760D73100FF3EC0 /* Order.swift */ = {isa = PBXFileReference; fileEncoding = 4; lastKnownFileType = sourcecode.swift; path = Order.swift; sourceTree = "<group>"; };
		6DAAF80427668AA4003522D8 /* ItemRow.swift */ = {isa = PBXFileReference; lastKnownFileType = sourcecode.swift; path = ItemRow.swift; sourceTree = "<group>"; };
		6DAAF80827669451003522D8 /* ItemDetail.swift */ = {isa = PBXFileReference; lastKnownFileType = sourcecode.swift; path = ItemDetail.swift; sourceTree = "<group>"; };
		6DAAF80C276A1D6C003522D8 /* OrderView.swift */ = {isa = PBXFileReference; lastKnownFileType = sourcecode.swift; path = OrderView.swift; sourceTree = "<group>"; };
		6DAAF80E276A1E65003522D8 /* MainView.swift */ = {isa = PBXFileReference; lastKnownFileType = sourcecode.swift; path = MainView.swift; sourceTree = "<group>"; };
		6DAAF810276A1FC9003522D8 /* CheckoutView.swift */ = {isa = PBXFileReference; lastKnownFileType = sourcecode.swift; path = CheckoutView.swift; sourceTree = "<group>"; };
		6DD1DEFC278EF44D00AB2161 /* ChatView.swift */ = {isa = PBXFileReference; lastKnownFileType = sourcecode.swift; path = ChatView.swift; sourceTree = "<group>"; };
		6DD1DEFE278EF46B00AB2161 /* ChatModel.swift */ = {isa = PBXFileReference; lastKnownFileType = sourcecode.swift; path = ChatModel.swift; sourceTree = "<group>"; };
		6DD1DF00278EF4ED00AB2161 /* ChatBubble.swift */ = {isa = PBXFileReference; lastKnownFileType = sourcecode.swift; path = ChatBubble.swift; sourceTree = "<group>"; };
		6DD1DF02278EF69300AB2161 /* ScrollView.swift */ = {isa = PBXFileReference; lastKnownFileType = sourcecode.swift; path = ScrollView.swift; sourceTree = "<group>"; };
		6DD1DF04278F097300AB2161 /* NavigationBarConfigurator.swift */ = {isa = PBXFileReference; lastKnownFileType = sourcecode.swift; path = NavigationBarConfigurator.swift; sourceTree = "<group>"; };
		6DD2A6E92774E93300D4E3BA /* Popup.swift */ = {isa = PBXFileReference; lastKnownFileType = sourcecode.swift; path = Popup.swift; sourceTree = "<group>"; };
		6DD2A6EB27750F4F00D4E3BA /* Popup+Extension.swift */ = {isa = PBXFileReference; lastKnownFileType = sourcecode.swift; path = "Popup+Extension.swift"; sourceTree = "<group>"; };
/* End PBXFileReference section */

/* Begin PBXFrameworksBuildPhase section */
		6DA181542760D6C700FF3EC0 /* Frameworks */ = {
			isa = PBXFrameworksBuildPhase;
			buildActionMask = 2147483647;
			files = (
			);
			runOnlyForDeploymentPostprocessing = 0;
		};
/* End PBXFrameworksBuildPhase section */

/* Begin PBXGroup section */
		6DA1814E2760D6C700FF3EC0 = {
			isa = PBXGroup;
			children = (
				6DA181592760D6C700FF3EC0 /* DublerCafe */,
				6DA181582760D6C700FF3EC0 /* Products */,
			);
			sourceTree = "<group>";
		};
		6DA181582760D6C700FF3EC0 /* Products */ = {
			isa = PBXGroup;
			children = (
				6DA181572760D6C700FF3EC0 /* DublerCafe.app */,
			);
			name = Products;
			sourceTree = "<group>";
		};
		6DA181592760D6C700FF3EC0 /* DublerCafe */ = {
			isa = PBXGroup;
			children = (
				6DD1DEFA278EEB1800AB2161 /* Controllers */,
				6DD1DEF9278EEB0100AB2161 /* Models */,
				6DD1DEF8278EEAF500AB2161 /* Helpers */,
				6DD1DEF7278EEAEE00AB2161 /* ViewModels */,
				6DD1DEF6278EEADD00AB2161 /* Views */,
				6DA181702760D73000FF3EC0 /* menu.json */,
				6DA1815A2760D6C700FF3EC0 /* DublerCafeApp.swift */,
				6DA1815E2760D6C900FF3EC0 /* Assets.xcassets */,
				6DA181652760D6C900FF3EC0 /* DublerCafe.xcdatamodeld */,
				6DA181602760D6C900FF3EC0 /* Preview Content */,
				6DD2A6E92774E93300D4E3BA /* Popup.swift */,
				6DD2A6EB27750F4F00D4E3BA /* Popup+Extension.swift */,
			);
			path = DublerCafe;
			sourceTree = "<group>";
		};
		6DA181602760D6C900FF3EC0 /* Preview Content */ = {
			isa = PBXGroup;
			children = (
				6DA181612760D6C900FF3EC0 /* Preview Assets.xcassets */,
			);
			path = "Preview Content";
			sourceTree = "<group>";
		};
		6DD1DEF6278EEADD00AB2161 /* Views */ = {
			isa = PBXGroup;
			children = (
				6DAAF80C276A1D6C003522D8 /* OrderView.swift */,
				6DAAF80E276A1E65003522D8 /* MainView.swift */,
				6DAAF810276A1FC9003522D8 /* CheckoutView.swift */,
				6DA1815C2760D6C700FF3EC0 /* ContentView.swift */,
				6DD1DEFC278EF44D00AB2161 /* ChatView.swift */,
				6DD1DF02278EF69300AB2161 /* ScrollView.swift */,
			);
			path = Views;
			sourceTree = "<group>";
		};
		6DD1DEF7278EEAEE00AB2161 /* ViewModels */ = {
			isa = PBXGroup;
			children = (
				6DAAF80827669451003522D8 /* ItemDetail.swift */,
				6DAAF80427668AA4003522D8 /* ItemRow.swift */,
				6DD1DF00278EF4ED00AB2161 /* ChatBubble.swift */,
			);
			path = ViewModels;
			sourceTree = "<group>";
		};
		6DD1DEF8278EEAF500AB2161 /* Helpers */ = {
			isa = PBXGroup;
			children = (
				6DA1816D2760D6F300FF3EC0 /* Helper.swift */,
				6DD1DF04278F097300AB2161 /* NavigationBarConfigurator.swift */,
			);
			path = Helpers;
			sourceTree = "<group>";
		};
		6DD1DEF9278EEB0100AB2161 /* Models */ = {
			isa = PBXGroup;
			children = (
				6DA1816F2760D73000FF3EC0 /* Menu.swift */,
				6DA181712760D73100FF3EC0 /* Order.swift */,
				6DD1DEFE278EF46B00AB2161 /* ChatModel.swift */,
			);
			path = Models;
			sourceTree = "<group>";
		};
		6DD1DEFA278EEB1800AB2161 /* Controllers */ = {
			isa = PBXGroup;
			children = (
				6DA181632760D6C900FF3EC0 /* Persistence.swift */,
			);
			path = Controllers;
			sourceTree = "<group>";
		};
/* End PBXGroup section */

/* Begin PBXNativeTarget section */
		6DA181562760D6C700FF3EC0 /* DublerCafe */ = {
			isa = PBXNativeTarget;
			buildConfigurationList = 6DA1816A2760D6C900FF3EC0 /* Build configuration list for PBXNativeTarget "DublerCafe" */;
			buildPhases = (
				6DA181532760D6C700FF3EC0 /* Sources */,
				6DA181542760D6C700FF3EC0 /* Frameworks */,
				6DA181552760D6C700FF3EC0 /* Resources */,
			);
			buildRules = (
			);
			dependencies = (
			);
			name = DublerCafe;
			productName = Rule2.0;
			productReference = 6DA181572760D6C700FF3EC0 /* DublerCafe.app */;
			productType = "com.apple.product-type.application";
		};
/* End PBXNativeTarget section */

/* Begin PBXProject section */
		6DA1814F2760D6C700FF3EC0 /* Project object */ = {
			isa = PBXProject;
			attributes = {
				BuildIndependentTargetsInParallel = 1;
				LastSwiftUpdateCheck = 1310;
				LastUpgradeCheck = 1310;
				TargetAttributes = {
					6DA181562760D6C700FF3EC0 = {
						CreatedOnToolsVersion = 13.1;
					};
				};
			};
			buildConfigurationList = 6DA181522760D6C700FF3EC0 /* Build configuration list for PBXProject "DublerCafe" */;
			compatibilityVersion = "Xcode 13.0";
			developmentRegion = en;
			hasScannedForEncodings = 0;
			knownRegions = (
				en,
				Base,
			);
			mainGroup = 6DA1814E2760D6C700FF3EC0;
			productRefGroup = 6DA181582760D6C700FF3EC0 /* Products */;
			projectDirPath = "";
			projectRoot = "";
			targets = (
				6DA181562760D6C700FF3EC0 /* DublerCafe */,
			);
		};
/* End PBXProject section */

/* Begin PBXResourcesBuildPhase section */
		6DA181552760D6C700FF3EC0 /* Resources */ = {
			isa = PBXResourcesBuildPhase;
			buildActionMask = 2147483647;
			files = (
				6DA181732760D73100FF3EC0 /* menu.json in Resources */,
				6DA181622760D6C900FF3EC0 /* Preview Assets.xcassets in Resources */,
				6DA1815F2760D6C900FF3EC0 /* Assets.xcassets in Resources */,
			);
			runOnlyForDeploymentPostprocessing = 0;
		};
/* End PBXResourcesBuildPhase section */

/* Begin PBXSourcesBuildPhase section */
		6DA181532760D6C700FF3EC0 /* Sources */ = {
			isa = PBXSourcesBuildPhase;
			buildActionMask = 2147483647;
			files = (
				6DD2A6EC27750F4F00D4E3BA /* Popup+Extension.swift in Sources */,
				6DA181722760D73100FF3EC0 /* Menu.swift in Sources */,
				6DD1DF05278F097300AB2161 /* NavigationBarConfigurator.swift in Sources */,
				6DD1DF01278EF4ED00AB2161 /* ChatBubble.swift in Sources */,
				6DD2A6EA2774E93300D4E3BA /* Popup.swift in Sources */,
				6DA181642760D6C900FF3EC0 /* Persistence.swift in Sources */,
				6DAAF811276A1FC9003522D8 /* CheckoutView.swift in Sources */,
				6DA181672760D6C900FF3EC0 /* DublerCafe.xcdatamodeld in Sources */,
				6DA1816E2760D6F400FF3EC0 /* Helper.swift in Sources */,
				6DD1DEFD278EF44D00AB2161 /* ChatView.swift in Sources */,
				6DAAF80927669451003522D8 /* ItemDetail.swift in Sources */,
				6DA1815D2760D6C700FF3EC0 /* ContentView.swift in Sources */,
				6DA1815B2760D6C700FF3EC0 /* DublerCafeApp.swift in Sources */,
				6DD1DEFF278EF46B00AB2161 /* ChatModel.swift in Sources */,
				6DAAF80F276A1E65003522D8 /* MainView.swift in Sources */,
				6DA181742760D73100FF3EC0 /* Order.swift in Sources */,
				6DAAF80527668AA4003522D8 /* ItemRow.swift in Sources */,
				6DAAF80D276A1D6C003522D8 /* OrderView.swift in Sources */,
				6DD1DF03278EF69300AB2161 /* ScrollView.swift in Sources */,
			);
			runOnlyForDeploymentPostprocessing = 0;
		};
/* End PBXSourcesBuildPhase section */

/* Begin XCBuildConfiguration section */
		6DA181682760D6C900FF3EC0 /* Debug */ = {
			isa = XCBuildConfiguration;
			buildSettings = {
				ALWAYS_SEARCH_USER_PATHS = NO;
				CLANG_ANALYZER_NONNULL = YES;
				CLANG_ANALYZER_NUMBER_OBJECT_CONVERSION = YES_AGGRESSIVE;
				CLANG_CXX_LANGUAGE_STANDARD = "gnu++17";
				CLANG_CXX_LIBRARY = "libc++";
				CLANG_ENABLE_MODULES = YES;
				CLANG_ENABLE_OBJC_ARC = YES;
				CLANG_ENABLE_OBJC_WEAK = YES;
				CLANG_WARN_BLOCK_CAPTURE_AUTORELEASING = YES;
				CLANG_WARN_BOOL_CONVERSION = YES;
				CLANG_WARN_COMMA = YES;
				CLANG_WARN_CONSTANT_CONVERSION = YES;
				CLANG_WARN_DEPRECATED_OBJC_IMPLEMENTATIONS = YES;
				CLANG_WARN_DIRECT_OBJC_ISA_USAGE = YES_ERROR;
				CLANG_WARN_DOCUMENTATION_COMMENTS = YES;
				CLANG_WARN_EMPTY_BODY = YES;
				CLANG_WARN_ENUM_CONVERSION = YES;
				CLANG_WARN_INFINITE_RECURSION = YES;
				CLANG_WARN_INT_CONVERSION = YES;
				CLANG_WARN_NON_LITERAL_NULL_CONVERSION = YES;
				CLANG_WARN_OBJC_IMPLICIT_RETAIN_SELF = YES;
				CLANG_WARN_OBJC_LITERAL_CONVERSION = YES;
				CLANG_WARN_OBJC_ROOT_CLASS = YES_ERROR;
				CLANG_WARN_QUOTED_INCLUDE_IN_FRAMEWORK_HEADER = YES;
				CLANG_WARN_RANGE_LOOP_ANALYSIS = YES;
				CLANG_WARN_STRICT_PROTOTYPES = YES;
				CLANG_WARN_SUSPICIOUS_MOVE = YES;
				CLANG_WARN_UNGUARDED_AVAILABILITY = YES_AGGRESSIVE;
				CLANG_WARN_UNREACHABLE_CODE = YES;
				CLANG_WARN__DUPLICATE_METHOD_MATCH = YES;
				COPY_PHASE_STRIP = NO;
				DEBUG_INFORMATION_FORMAT = dwarf;
				ENABLE_STRICT_OBJC_MSGSEND = YES;
				ENABLE_TESTABILITY = YES;
				GCC_C_LANGUAGE_STANDARD = gnu11;
				GCC_DYNAMIC_NO_PIC = NO;
				GCC_NO_COMMON_BLOCKS = YES;
				GCC_OPTIMIZATION_LEVEL = 0;
				GCC_PREPROCESSOR_DEFINITIONS = (
					"DEBUG=1",
					"$(inherited)",
				);
				GCC_WARN_64_TO_32_BIT_CONVERSION = YES;
				GCC_WARN_ABOUT_RETURN_TYPE = YES_ERROR;
				GCC_WARN_UNDECLARED_SELECTOR = YES;
				GCC_WARN_UNINITIALIZED_AUTOS = YES_AGGRESSIVE;
				GCC_WARN_UNUSED_FUNCTION = YES;
				GCC_WARN_UNUSED_VARIABLE = YES;
				IPHONEOS_DEPLOYMENT_TARGET = 15.0;
				MTL_ENABLE_DEBUG_INFO = INCLUDE_SOURCE;
				MTL_FAST_MATH = YES;
				ONLY_ACTIVE_ARCH = YES;
				SDKROOT = iphoneos;
				SWIFT_ACTIVE_COMPILATION_CONDITIONS = DEBUG;
				SWIFT_OPTIMIZATION_LEVEL = "-Onone";
			};
			name = Debug;
		};
		6DA181692760D6C900FF3EC0 /* Release */ = {
			isa = XCBuildConfiguration;
			buildSettings = {
				ALWAYS_SEARCH_USER_PATHS = NO;
				CLANG_ANALYZER_NONNULL = YES;
				CLANG_ANALYZER_NUMBER_OBJECT_CONVERSION = YES_AGGRESSIVE;
				CLANG_CXX_LANGUAGE_STANDARD = "gnu++17";
				CLANG_CXX_LIBRARY = "libc++";
				CLANG_ENABLE_MODULES = YES;
				CLANG_ENABLE_OBJC_ARC = YES;
				CLANG_ENABLE_OBJC_WEAK = YES;
				CLANG_WARN_BLOCK_CAPTURE_AUTORELEASING = YES;
				CLANG_WARN_BOOL_CONVERSION = YES;
				CLANG_WARN_COMMA = YES;
				CLANG_WARN_CONSTANT_CONVERSION = YES;
				CLANG_WARN_DEPRECATED_OBJC_IMPLEMENTATIONS = YES;
				CLANG_WARN_DIRECT_OBJC_ISA_USAGE = YES_ERROR;
				CLANG_WARN_DOCUMENTATION_COMMENTS = YES;
				CLANG_WARN_EMPTY_BODY = YES;
				CLANG_WARN_ENUM_CONVERSION = YES;
				CLANG_WARN_INFINITE_RECURSION = YES;
				CLANG_WARN_INT_CONVERSION = YES;
				CLANG_WARN_NON_LITERAL_NULL_CONVERSION = YES;
				CLANG_WARN_OBJC_IMPLICIT_RETAIN_SELF = YES;
				CLANG_WARN_OBJC_LITERAL_CONVERSION = YES;
				CLANG_WARN_OBJC_ROOT_CLASS = YES_ERROR;
				CLANG_WARN_QUOTED_INCLUDE_IN_FRAMEWORK_HEADER = YES;
				CLANG_WARN_RANGE_LOOP_ANALYSIS = YES;
				CLANG_WARN_STRICT_PROTOTYPES = YES;
				CLANG_WARN_SUSPICIOUS_MOVE = YES;
				CLANG_WARN_UNGUARDED_AVAILABILITY = YES_AGGRESSIVE;
				CLANG_WARN_UNREACHABLE_CODE = YES;
				CLANG_WARN__DUPLICATE_METHOD_MATCH = YES;
				COPY_PHASE_STRIP = NO;
				DEBUG_INFORMATION_FORMAT = "dwarf-with-dsym";
				ENABLE_NS_ASSERTIONS = NO;
				ENABLE_STRICT_OBJC_MSGSEND = YES;
				GCC_C_LANGUAGE_STANDARD = gnu11;
				GCC_NO_COMMON_BLOCKS = YES;
				GCC_WARN_64_TO_32_BIT_CONVERSION = YES;
				GCC_WARN_ABOUT_RETURN_TYPE = YES_ERROR;
				GCC_WARN_UNDECLARED_SELECTOR = YES;
				GCC_WARN_UNINITIALIZED_AUTOS = YES_AGGRESSIVE;
				GCC_WARN_UNUSED_FUNCTION = YES;
				GCC_WARN_UNUSED_VARIABLE = YES;
				IPHONEOS_DEPLOYMENT_TARGET = 15.0;
				MTL_ENABLE_DEBUG_INFO = NO;
				MTL_FAST_MATH = YES;
				SDKROOT = iphoneos;
				SWIFT_COMPILATION_MODE = wholemodule;
				SWIFT_OPTIMIZATION_LEVEL = "-O";
				VALIDATE_PRODUCT = YES;
			};
			name = Release;
		};
		6DA1816B2760D6C900FF3EC0 /* Debug */ = {
			isa = XCBuildConfiguration;
			buildSettings = {
				ASSETCATALOG_COMPILER_APPICON_NAME = AppIcon;
				ASSETCATALOG_COMPILER_GLOBAL_ACCENT_COLOR_NAME = AccentColor;
				CODE_SIGN_STYLE = Automatic;
				CURRENT_PROJECT_VERSION = 1;
				DEVELOPMENT_ASSET_PATHS = "\"DublerCafe/Preview Content\"";
				DEVELOPMENT_TEAM = 8KP9LHWH2N;
				ENABLE_PREVIEWS = YES;
				GENERATE_INFOPLIST_FILE = YES;
				INFOPLIST_KEY_UIApplicationSceneManifest_Generation = YES;
				INFOPLIST_KEY_UIApplicationSupportsIndirectInputEvents = YES;
				INFOPLIST_KEY_UILaunchScreen_Generation = YES;
				INFOPLIST_KEY_UISupportedInterfaceOrientations_iPad = "UIInterfaceOrientationPortrait UIInterfaceOrientationPortraitUpsideDown UIInterfaceOrientationLandscapeLeft UIInterfaceOrientationLandscapeRight";
				INFOPLIST_KEY_UISupportedInterfaceOrientations_iPhone = "UIInterfaceOrientationPortrait UIInterfaceOrientationLandscapeLeft UIInterfaceOrientationLandscapeRight";
				LD_RUNPATH_SEARCH_PATHS = (
					"$(inherited)",
					"@executable_path/Frameworks",
				);
				MARKETING_VERSION = 1.0;
				PRODUCT_BUNDLE_IDENTIFIER = orpan.DublerCafe;
				PRODUCT_NAME = DublerCafe;
				SWIFT_EMIT_LOC_STRINGS = YES;
				SWIFT_VERSION = 5.0;
				TARGETED_DEVICE_FAMILY = "1,2";
			};
			name = Debug;
		};
		6DA1816C2760D6C900FF3EC0 /* Release */ = {
			isa = XCBuildConfiguration;
			buildSettings = {
				ASSETCATALOG_COMPILER_APPICON_NAME = AppIcon;
				ASSETCATALOG_COMPILER_GLOBAL_ACCENT_COLOR_NAME = AccentColor;
				CODE_SIGN_STYLE = Automatic;
				CURRENT_PROJECT_VERSION = 1;
				DEVELOPMENT_ASSET_PATHS = "\"DublerCafe Preview Content\"";
				DEVELOPMENT_TEAM = 8KP9LHWH2N;
				ENABLE_PREVIEWS = YES;
				GENERATE_INFOPLIST_FILE = YES;
				INFOPLIST_KEY_UIApplicationSceneManifest_Generation = YES;
				INFOPLIST_KEY_UIApplicationSupportsIndirectInputEvents = YES;
				INFOPLIST_KEY_UILaunchScreen_Generation = YES;
				INFOPLIST_KEY_UISupportedInterfaceOrientations_iPad = "UIInterfaceOrientationPortrait UIInterfaceOrientationPortraitUpsideDown UIInterfaceOrientationLandscapeLeft UIInterfaceOrientationLandscapeRight";
				INFOPLIST_KEY_UISupportedInterfaceOrientations_iPhone = "UIInterfaceOrientationPortrait UIInterfaceOrientationLandscapeLeft UIInterfaceOrientationLandscapeRight";
				LD_RUNPATH_SEARCH_PATHS = (
					"$(inherited)",
					"@executable_path/Frameworks",
				);
				MARKETING_VERSION = 1.0;
				PRODUCT_BUNDLE_IDENTIFIER = orpan.DublerCafe;
				PRODUCT_NAME = DublerCafe;
				SWIFT_EMIT_LOC_STRINGS = YES;
				SWIFT_VERSION = 5.0;
				TARGETED_DEVICE_FAMILY = "1,2";
			};
			name = Release;
		};
/* End XCBuildConfiguration section */

/* Begin XCConfigurationList section */
		6DA181522760D6C700FF3EC0 /* Build configuration list for PBXProject "DublerCafe" */ = {
			isa = XCConfigurationList;
			buildConfigurations = (
				6DA181682760D6C900FF3EC0 /* Debug */,
				6DA181692760D6C900FF3EC0 /* Release */,
			);
			defaultConfigurationIsVisible = 0;
			defaultConfigurationName = Release;
		};
		6DA1816A2760D6C900FF3EC0 /* Build configuration list for PBXNativeTarget "DublerCafe" */ = {
			isa = XCConfigurationList;
			buildConfigurations = (
				6DA1816B2760D6C900FF3EC0 /* Debug */,
				6DA1816C2760D6C900FF3EC0 /* Release */,
			);
			defaultConfigurationIsVisible = 0;
			defaultConfigurationName = Release;
		};
/* End XCConfigurationList section */

/* Begin XCVersionGroup section */
		6DA181652760D6C900FF3EC0 /* DublerCafe.xcdatamodeld */ = {
			isa = XCVersionGroup;
			children = (
				6DA181662760D6C900FF3EC0 /* Rule2_0.xcdatamodel */,
			);
			currentVersion = 6DA181662760D6C900FF3EC0 /* Rule2_0.xcdatamodel */;
			path = DublerCafe.xcdatamodeld;
			sourceTree = "<group>";
			versionGroupType = wrapper.xcdatamodel;
		};
/* End XCVersionGroup section */
	};
	rootObject = 6DA1814F2760D6C700FF3EC0 /* Project object */;
}
